
Microsoft Visual Studio Solution File, Format Version 12.00
# Visual Studio Version 17
VisualStudioVersion = 17.1.32328.378
MinimumVisualStudioVersion = 10.0.40219.1
Project("{FAE04EC0-301F-11D3-BF4B-00C04F79EFBC}") = "MvcMovie", "MvcMovie.csproj", "{F449EF81-6C64-4E7B-8BF0-3DA2B9519CB1}"
EndProject
Global
	GlobalSection(SolutionConfigurationPlatforms) = preSolution
		Debug|Any CPU = Debug|Any CPU
		Release|Any CPU = Release|Any CPU
	EndGlobalSection
	GlobalSection(ProjectConfigurationPlatforms) = postSolution
		{F449EF81-6C64-4E7B-8BF0-3DA2B9519CB1}.Debug|Any CPU.ActiveCfg = Debug|Any CPU
		{F449EF81-6C64-4E7B-8BF0-3DA2B9519CB1}.Debug|Any CPU.Build.0 = Debug|Any CPU
		{F449EF81-6C64-4E7B-8BF0-3DA2B9519CB1}.Release|Any CPU.ActiveCfg = Release|Any CPU
		{F449EF81-6C64-4E7B-8BF0-3DA2B9519CB1}.Release|Any CPU.Build.0 = Release|Any CPU
	EndGlobalSection
	GlobalSection(SolutionProperties) = preSolution
		HideSolutionNode = FALSE
	EndGlobalSection
	GlobalSection(ExtensibilityGlobals) = postSolution
		SolutionGuid = {3B88F6B2-7F4B-4018-9226-DFDFC8F85CB1}
	EndGlobalSection
EndGlobal
